// !$*UTF8*$!
{
	archiveVersion = 1;
	classes = {
	};
	objectVersion = 50;
	objects = {

/* Begin PBXBuildFile section */
		7D054DD22457235F00F21002 /* AppDelegate.swift in Sources */ = {isa = PBXBuildFile; fileRef = 7D054DD12457235F00F21002 /* AppDelegate.swift */; };
		7D054DD42457235F00F21002 /* SceneDelegate.swift in Sources */ = {isa = PBXBuildFile; fileRef = 7D054DD32457235F00F21002 /* SceneDelegate.swift */; };
		7D054DD62457235F00F21002 /* ViewController.swift in Sources */ = {isa = PBXBuildFile; fileRef = 7D054DD52457235F00F21002 /* ViewController.swift */; };
		7D054DD92457235F00F21002 /* Main.storyboard in Resources */ = {isa = PBXBuildFile; fileRef = 7D054DD72457235F00F21002 /* Main.storyboard */; };
		7D054DDC2457235F00F21002 /* GeoChecker.xcdatamodeld in Sources */ = {isa = PBXBuildFile; fileRef = 7D054DDA2457235F00F21002 /* GeoChecker.xcdatamodeld */; };
		7D054DDE2457236200F21002 /* Assets.xcassets in Resources */ = {isa = PBXBuildFile; fileRef = 7D054DDD2457236200F21002 /* Assets.xcassets */; };
		7D054DE12457236200F21002 /* LaunchScreen.storyboard in Resources */ = {isa = PBXBuildFile; fileRef = 7D054DDF2457236200F21002 /* LaunchScreen.storyboard */; };
		7D054DEC2457236200F21002 /* GeoCheckerTests.swift in Sources */ = {isa = PBXBuildFile; fileRef = 7D054DEB2457236200F21002 /* GeoCheckerTests.swift */; };
		7D054E00245748E700F21002 /* CustomView.swift in Sources */ = {isa = PBXBuildFile; fileRef = 7D054DFF245748E700F21002 /* CustomView.swift */; };
		7D054E032457781700F21002 /* CustomView.xib in Resources */ = {isa = PBXBuildFile; fileRef = 7D054E052457781800F21002 /* CustomView.xib */; };
/* End PBXBuildFile section */

/* Begin PBXContainerItemProxy section */
		7D054DE82457236200F21002 /* PBXContainerItemProxy */ = {
			isa = PBXContainerItemProxy;
			containerPortal = 7D054DC62457235E00F21002 /* Project object */;
			proxyType = 1;
			remoteGlobalIDString = 7D054DCD2457235F00F21002;
			remoteInfo = GeoChecker;
		};
/* End PBXContainerItemProxy section */

/* Begin PBXFileReference section */
		7D054DCE2457235F00F21002 /* GeoChecker.app */ = {isa = PBXFileReference; explicitFileType = wrapper.application; includeInIndex = 0; path = GeoChecker.app; sourceTree = BUILT_PRODUCTS_DIR; };
		7D054DD12457235F00F21002 /* AppDelegate.swift */ = {isa = PBXFileReference; lastKnownFileType = sourcecode.swift; path = AppDelegate.swift; sourceTree = "<group>"; };
		7D054DD32457235F00F21002 /* SceneDelegate.swift */ = {isa = PBXFileReference; lastKnownFileType = sourcecode.swift; path = SceneDelegate.swift; sourceTree = "<group>"; };
		7D054DD52457235F00F21002 /* ViewController.swift */ = {isa = PBXFileReference; lastKnownFileType = sourcecode.swift; path = ViewController.swift; sourceTree = "<group>"; };
		7D054DD82457235F00F21002 /* Base */ = {isa = PBXFileReference; lastKnownFileType = file.storyboard; name = Base; path = Base.lproj/Main.storyboard; sourceTree = "<group>"; };
		7D054DDB2457235F00F21002 /* GeoChecker.xcdatamodel */ = {isa = PBXFileReference; lastKnownFileType = wrapper.xcdatamodel; path = GeoChecker.xcdatamodel; sourceTree = "<group>"; };
		7D054DDD2457236200F21002 /* Assets.xcassets */ = {isa = PBXFileReference; lastKnownFileType = folder.assetcatalog; path = Assets.xcassets; sourceTree = "<group>"; };
		7D054DE02457236200F21002 /* Base */ = {isa = PBXFileReference; lastKnownFileType = file.storyboard; name = Base; path = Base.lproj/LaunchScreen.storyboard; sourceTree = "<group>"; };
		7D054DE22457236200F21002 /* Info.plist */ = {isa = PBXFileReference; lastKnownFileType = text.plist.xml; path = Info.plist; sourceTree = "<group>"; };
		7D054DE72457236200F21002 /* GeoCheckerTests.xctest */ = {isa = PBXFileReference; explicitFileType = wrapper.cfbundle; includeInIndex = 0; path = GeoCheckerTests.xctest; sourceTree = BUILT_PRODUCTS_DIR; };
		7D054DEB2457236200F21002 /* GeoCheckerTests.swift */ = {isa = PBXFileReference; lastKnownFileType = sourcecode.swift; path = GeoCheckerTests.swift; sourceTree = "<group>"; };
		7D054DED2457236200F21002 /* Info.plist */ = {isa = PBXFileReference; lastKnownFileType = text.plist.xml; path = Info.plist; sourceTree = "<group>"; };
		7D054DF624572D1600F21002 /* TestTrack.gpx */ = {isa = PBXFileReference; lastKnownFileType = text.xml; path = TestTrack.gpx; sourceTree = "<group>"; };
		7D054DFF245748E700F21002 /* CustomView.swift */ = {isa = PBXFileReference; lastKnownFileType = sourcecode.swift; path = CustomView.swift; sourceTree = "<group>"; };
		7D054E042457781800F21002 /* Base */ = {isa = PBXFileReference; lastKnownFileType = file.xib; name = Base; path = Base.lproj/CustomView.xib; sourceTree = "<group>"; };
/* End PBXFileReference section */

/* Begin PBXFrameworksBuildPhase section */
		7D054DCB2457235F00F21002 /* Frameworks */ = {
			isa = PBXFrameworksBuildPhase;
			buildActionMask = 2147483647;
			files = (
			);
			runOnlyForDeploymentPostprocessing = 0;
		};
		7D054DE42457236200F21002 /* Frameworks */ = {
			isa = PBXFrameworksBuildPhase;
			buildActionMask = 2147483647;
			files = (
			);
			runOnlyForDeploymentPostprocessing = 0;
		};
/* End PBXFrameworksBuildPhase section */

/* Begin PBXGroup section */
		7D054DC52457235E00F21002 = {
			isa = PBXGroup;
			children = (
				7D054DF624572D1600F21002 /* TestTrack.gpx */,
				7D054DD02457235F00F21002 /* GeoChecker */,
				7D054DEA2457236200F21002 /* GeoCheckerTests */,
				7D054DCF2457235F00F21002 /* Products */,
			);
			sourceTree = "<group>";
		};
		7D054DCF2457235F00F21002 /* Products */ = {
			isa = PBXGroup;
			children = (
				7D054DCE2457235F00F21002 /* GeoChecker.app */,
				7D054DE72457236200F21002 /* GeoCheckerTests.xctest */,
			);
			name = Products;
			sourceTree = "<group>";
		};
		7D054DD02457235F00F21002 /* GeoChecker */ = {
			isa = PBXGroup;
			children = (
				7D054DD12457235F00F21002 /* AppDelegate.swift */,
				7D054DFF245748E700F21002 /* CustomView.swift */,
				7D054E052457781800F21002 /* CustomView.xib */,
				7D054DD32457235F00F21002 /* SceneDelegate.swift */,
				7D054DD52457235F00F21002 /* ViewController.swift */,
				7D054DD72457235F00F21002 /* Main.storyboard */,
				7D054DDD2457236200F21002 /* Assets.xcassets */,
				7D054DDF2457236200F21002 /* LaunchScreen.storyboard */,
				7D054DE22457236200F21002 /* Info.plist */,
				7D054DDA2457235F00F21002 /* GeoChecker.xcdatamodeld */,
			);
			path = GeoChecker;
			sourceTree = "<group>";
		};
		7D054DEA2457236200F21002 /* GeoCheckerTests */ = {
			isa = PBXGroup;
			children = (
				7D054DEB2457236200F21002 /* GeoCheckerTests.swift */,
				7D054DED2457236200F21002 /* Info.plist */,
			);
			path = GeoCheckerTests;
			sourceTree = "<group>";
		};
/* End PBXGroup section */

/* Begin PBXNativeTarget section */
		7D054DCD2457235F00F21002 /* GeoChecker */ = {
			isa = PBXNativeTarget;
			buildConfigurationList = 7D054DF02457236200F21002 /* Build configuration list for PBXNativeTarget "GeoChecker" */;
			buildPhases = (
				7D054DCA2457235F00F21002 /* Sources */,
				7D054DCB2457235F00F21002 /* Frameworks */,
				7D054DCC2457235F00F21002 /* Resources */,
			);
			buildRules = (
			);
			dependencies = (
			);
			name = GeoChecker;
			productName = GeoChecker;
			productReference = 7D054DCE2457235F00F21002 /* GeoChecker.app */;
			productType = "com.apple.product-type.application";
		};
		7D054DE62457236200F21002 /* GeoCheckerTests */ = {
			isa = PBXNativeTarget;
			buildConfigurationList = 7D054DF32457236200F21002 /* Build configuration list for PBXNativeTarget "GeoCheckerTests" */;
			buildPhases = (
				7D054DE32457236200F21002 /* Sources */,
				7D054DE42457236200F21002 /* Frameworks */,
				7D054DE52457236200F21002 /* Resources */,
			);
			buildRules = (
			);
			dependencies = (
				7D054DE92457236200F21002 /* PBXTargetDependency */,
			);
			name = GeoCheckerTests;
			productName = GeoCheckerTests;
			productReference = 7D054DE72457236200F21002 /* GeoCheckerTests.xctest */;
			productType = "com.apple.product-type.bundle.unit-test";
		};
/* End PBXNativeTarget section */

/* Begin PBXProject section */
		7D054DC62457235E00F21002 /* Project object */ = {
			isa = PBXProject;
			attributes = {
				LastSwiftUpdateCheck = 1130;
				LastUpgradeCheck = 1130;
				ORGANIZATIONNAME = "Александр Сетров";
				TargetAttributes = {
					7D054DCD2457235F00F21002 = {
						CreatedOnToolsVersion = 11.3.1;
					};
					7D054DE62457236200F21002 = {
						CreatedOnToolsVersion = 11.3.1;
						TestTargetID = 7D054DCD2457235F00F21002;
					};
				};
			};
			buildConfigurationList = 7D054DC92457235E00F21002 /* Build configuration list for PBXProject "GeoChecker" */;
			compatibilityVersion = "Xcode 9.3";
			developmentRegion = en;
			hasScannedForEncodings = 0;
			knownRegions = (
				en,
				Base,
			);
			mainGroup = 7D054DC52457235E00F21002;
			productRefGroup = 7D054DCF2457235F00F21002 /* Products */;
			projectDirPath = "";
			projectRoot = "";
			targets = (
				7D054DCD2457235F00F21002 /* GeoChecker */,
				7D054DE62457236200F21002 /* GeoCheckerTests */,
			);
		};
/* End PBXProject section */

/* Begin PBXResourcesBuildPhase section */
		7D054DCC2457235F00F21002 /* Resources */ = {
			isa = PBXResourcesBuildPhase;
			buildActionMask = 2147483647;
			files = (
				7D054DE12457236200F21002 /* LaunchScreen.storyboard in Resources */,
				7D054E032457781700F21002 /* CustomView.xib in Resources */,
				7D054DDE2457236200F21002 /* Assets.xcassets in Resources */,
				7D054DD92457235F00F21002 /* Main.storyboard in Resources */,
			);
			runOnlyForDeploymentPostprocessing = 0;
		};
		7D054DE52457236200F21002 /* Resources */ = {
			isa = PBXResourcesBuildPhase;
			buildActionMask = 2147483647;
			files = (
			);
			runOnlyForDeploymentPostprocessing = 0;
		};
/* End PBXResourcesBuildPhase section */

/* Begin PBXSourcesBuildPhase section */
		7D054DCA2457235F00F21002 /* Sources */ = {
			isa = PBXSourcesBuildPhase;
			buildActionMask = 2147483647;
			files = (
				7D054E00245748E700F21002 /* CustomView.swift in Sources */,
				7D054DD62457235F00F21002 /* ViewController.swift in Sources */,
				7D054DD22457235F00F21002 /* AppDelegate.swift in Sources */,
				7D054DD42457235F00F21002 /* SceneDelegate.swift in Sources */,
				7D054DDC2457235F00F21002 /* GeoChecker.xcdatamodeld in Sources */,
			);
			runOnlyForDeploymentPostprocessing = 0;
		};
		7D054DE32457236200F21002 /* Sources */ = {
			isa = PBXSourcesBuildPhase;
			buildActionMask = 2147483647;
			files = (
				7D054DEC2457236200F21002 /* GeoCheckerTests.swift in Sources */,
			);
			runOnlyForDeploymentPostprocessing = 0;
		};
/* End PBXSourcesBuildPhase section */

/* Begin PBXTargetDependency section */
		7D054DE92457236200F21002 /* PBXTargetDependency */ = {
			isa = PBXTargetDependency;
			target = 7D054DCD2457235F00F21002 /* GeoChecker */;
			targetProxy = 7D054DE82457236200F21002 /* PBXContainerItemProxy */;
		};
/* End PBXTargetDependency section */

/* Begin PBXVariantGroup section */
		7D054DD72457235F00F21002 /* Main.storyboard */ = {
			isa = PBXVariantGroup;
			children = (
				7D054DD82457235F00F21002 /* Base */,
			);
			name = Main.storyboard;
			sourceTree = "<group>";
		};
		7D054DDF2457236200F21002 /* LaunchScreen.storyboard */ = {
			isa = PBXVariantGroup;
			children = (
				7D054DE02457236200F21002 /* Base */,
			);
			name = LaunchScreen.storyboard;
			sourceTree = "<group>";
		};
		7D054E052457781800F21002 /* CustomView.xib */ = {
			isa = PBXVariantGroup;
			children = (
				7D054E042457781800F21002 /* Base */,
			);
			name = CustomView.xib;
			sourceTree = "<group>";
		};
/* End PBXVariantGroup section */

/* Begin XCBuildConfiguration section */
		7D054DEE2457236200F21002 /* Debug */ = {
			isa = XCBuildConfiguration;
			buildSettings = {
				ALWAYS_SEARCH_USER_PATHS = NO;
				CLANG_ANALYZER_NONNULL = YES;
				CLANG_ANALYZER_NUMBER_OBJECT_CONVERSION = YES_AGGRESSIVE;
				CLANG_CXX_LANGUAGE_STANDARD = "gnu++14";
				CLANG_CXX_LIBRARY = "libc++";
				CLANG_ENABLE_MODULES = YES;
				CLANG_ENABLE_OBJC_ARC = YES;
				CLANG_ENABLE_OBJC_WEAK = YES;
				CLANG_WARN_BLOCK_CAPTURE_AUTORELEASING = YES;
				CLANG_WARN_BOOL_CONVERSION = YES;
				CLANG_WARN_COMMA = YES;
				CLANG_WARN_CONSTANT_CONVERSION = YES;
				CLANG_WARN_DEPRECATED_OBJC_IMPLEMENTATIONS = YES;
				CLANG_WARN_DIRECT_OBJC_ISA_USAGE = YES_ERROR;
				CLANG_WARN_DOCUMENTATION_COMMENTS = YES;
				CLANG_WARN_EMPTY_BODY = YES;
				CLANG_WARN_ENUM_CONVERSION = YES;
				CLANG_WARN_INFINITE_RECURSION = YES;
				CLANG_WARN_INT_CONVERSION = YES;
				CLANG_WARN_NON_LITERAL_NULL_CONVERSION = YES;
				CLANG_WARN_OBJC_IMPLICIT_RETAIN_SELF = YES;
				CLANG_WARN_OBJC_LITERAL_CONVERSION = YES;
				CLANG_WARN_OBJC_ROOT_CLASS = YES_ERROR;
				CLANG_WARN_RANGE_LOOP_ANALYSIS = YES;
				CLANG_WARN_STRICT_PROTOTYPES = YES;
				CLANG_WARN_SUSPICIOUS_MOVE = YES;
				CLANG_WARN_UNGUARDED_AVAILABILITY = YES_AGGRESSIVE;
				CLANG_WARN_UNREACHABLE_CODE = YES;
				CLANG_WARN__DUPLICATE_METHOD_MATCH = YES;
				COPY_PHASE_STRIP = NO;
				DEBUG_INFORMATION_FORMAT = dwarf;
				ENABLE_STRICT_OBJC_MSGSEND = YES;
				ENABLE_TESTABILITY = YES;
				GCC_C_LANGUAGE_STANDARD = gnu11;
				GCC_DYNAMIC_NO_PIC = NO;
				GCC_NO_COMMON_BLOCKS = YES;
				GCC_OPTIMIZATION_LEVEL = 0;
				GCC_PREPROCESSOR_DEFINITIONS = (
					"DEBUG=1",
					"$(inherited)",
				);
				GCC_WARN_64_TO_32_BIT_CONVERSION = YES;
				GCC_WARN_ABOUT_RETURN_TYPE = YES_ERROR;
				GCC_WARN_UNDECLARED_SELECTOR = YES;
				GCC_WARN_UNINITIALIZED_AUTOS = YES_AGGRESSIVE;
				GCC_WARN_UNUSED_FUNCTION = YES;
				GCC_WARN_UNUSED_VARIABLE = YES;
				IPHONEOS_DEPLOYMENT_TARGET = 13.2;
				MTL_ENABLE_DEBUG_INFO = INCLUDE_SOURCE;
				MTL_FAST_MATH = YES;
				ONLY_ACTIVE_ARCH = YES;
				SDKROOT = iphoneos;
				SWIFT_ACTIVE_COMPILATION_CONDITIONS = DEBUG;
				SWIFT_OPTIMIZATION_LEVEL = "-Onone";
			};
			name = Debug;
		};
		7D054DEF2457236200F21002 /* Release */ = {
			isa = XCBuildConfiguration;
			buildSettings = {
				ALWAYS_SEARCH_USER_PATHS = NO;
				CLANG_ANALYZER_NONNULL = YES;
				CLANG_ANALYZER_NUMBER_OBJECT_CONVERSION = YES_AGGRESSIVE;
				CLANG_CXX_LANGUAGE_STANDARD = "gnu++14";
				CLANG_CXX_LIBRARY = "libc++";
				CLANG_ENABLE_MODULES = YES;
				CLANG_ENABLE_OBJC_ARC = YES;
				CLANG_ENABLE_OBJC_WEAK = YES;
				CLANG_WARN_BLOCK_CAPTURE_AUTORELEASING = YES;
				CLANG_WARN_BOOL_CONVERSION = YES;
				CLANG_WARN_COMMA = YES;
				CLANG_WARN_CONSTANT_CONVERSION = YES;
				CLANG_WARN_DEPRECATED_OBJC_IMPLEMENTATIONS = YES;
				CLANG_WARN_DIRECT_OBJC_ISA_USAGE = YES_ERROR;
				CLANG_WARN_DOCUMENTATION_COMMENTS = YES;
				CLANG_WARN_EMPTY_BODY = YES;
				CLANG_WARN_ENUM_CONVERSION = YES;
				CLANG_WARN_INFINITE_RECURSION = YES;
				CLANG_WARN_INT_CONVERSION = YES;
				CLANG_WARN_NON_LITERAL_NULL_CONVERSION = YES;
				CLANG_WARN_OBJC_IMPLICIT_RETAIN_SELF = YES;
				CLANG_WARN_OBJC_LITERAL_CONVERSION = YES;
				CLANG_WARN_OBJC_ROOT_CLASS = YES_ERROR;
				CLANG_WARN_RANGE_LOOP_ANALYSIS = YES;
				CLANG_WARN_STRICT_PROTOTYPES = YES;
				CLANG_WARN_SUSPICIOUS_MOVE = YES;
				CLANG_WARN_UNGUARDED_AVAILABILITY = YES_AGGRESSIVE;
				CLANG_WARN_UNREACHABLE_CODE = YES;
				CLANG_WARN__DUPLICATE_METHOD_MATCH = YES;
				COPY_PHASE_STRIP = NO;
				DEBUG_INFORMATION_FORMAT = "dwarf-with-dsym";
				ENABLE_NS_ASSERTIONS = NO;
				ENABLE_STRICT_OBJC_MSGSEND = YES;
				GCC_C_LANGUAGE_STANDARD = gnu11;
				GCC_NO_COMMON_BLOCKS = YES;
				GCC_WARN_64_TO_32_BIT_CONVERSION = YES;
				GCC_WARN_ABOUT_RETURN_TYPE = YES_ERROR;
				GCC_WARN_UNDECLARED_SELECTOR = YES;
				GCC_WARN_UNINITIALIZED_AUTOS = YES_AGGRESSIVE;
				GCC_WARN_UNUSED_FUNCTION = YES;
				GCC_WARN_UNUSED_VARIABLE = YES;
				IPHONEOS_DEPLOYMENT_TARGET = 13.2;
				MTL_ENABLE_DEBUG_INFO = NO;
				MTL_FAST_MATH = YES;
				SDKROOT = iphoneos;
				SWIFT_COMPILATION_MODE = wholemodule;
				SWIFT_OPTIMIZATION_LEVEL = "-O";
				VALIDATE_PRODUCT = YES;
			};
			name = Release;
		};
		7D054DF12457236200F21002 /* Debug */ = {
			isa = XCBuildConfiguration;
			buildSettings = {
				ASSETCATALOG_COMPILER_APPICON_NAME = AppIcon;
				CODE_SIGN_STYLE = Automatic;
				DEVELOPMENT_TEAM = 48QNPJLFDY;
				INFOPLIST_FILE = GeoChecker/Info.plist;
				LD_RUNPATH_SEARCH_PATHS = (
					"$(inherited)",
					"@executable_path/Frameworks",
				);
				PRODUCT_BUNDLE_IDENTIFIER = com.LocationChecker.GeoChecker;
				PRODUCT_NAME = "$(TARGET_NAME)";
				SWIFT_VERSION = 5.0;
				TARGETED_DEVICE_FAMILY = "1,2";
			};
			name = Debug;
		};
		7D054DF22457236200F21002 /* Release */ = {
			isa = XCBuildConfiguration;
			buildSettings = {
				ASSETCATALOG_COMPILER_APPICON_NAME = AppIcon;
				CODE_SIGN_STYLE = Automatic;
				DEVELOPMENT_TEAM = 48QNPJLFDY;
				INFOPLIST_FILE = GeoChecker/Info.plist;
				LD_RUNPATH_SEARCH_PATHS = (
					"$(inherited)",
					"@executable_path/Frameworks",
				);
				PRODUCT_BUNDLE_IDENTIFIER = com.LocationChecker.GeoChecker;
				PRODUCT_NAME = "$(TARGET_NAME)";
				SWIFT_VERSION = 5.0;
				TARGETED_DEVICE_FAMILY = "1,2";
			};
			name = Release;
		};
		7D054DF42457236200F21002 /* Debug */ = {
			isa = XCBuildConfiguration;
			buildSettings = {
				ALWAYS_EMBED_SWIFT_STANDARD_LIBRARIES = YES;
				BUNDLE_LOADER = "$(TEST_HOST)";
				CODE_SIGN_STYLE = Automatic;
				DEVELOPMENT_TEAM = 48QNPJLFDY;
				INFOPLIST_FILE = GeoCheckerTests/Info.plist;
				IPHONEOS_DEPLOYMENT_TARGET = 13.2;
				LD_RUNPATH_SEARCH_PATHS = (
					"$(inherited)",
					"@executable_path/Frameworks",
					"@loader_path/Frameworks",
				);
				PRODUCT_BUNDLE_IDENTIFIER = com.LocationChecker.GeoCheckerTests;
				PRODUCT_NAME = "$(TARGET_NAME)";
				SWIFT_VERSION = 5.0;
				TARGETED_DEVICE_FAMILY = "1,2";
				TEST_HOST = "$(BUILT_PRODUCTS_DIR)/GeoChecker.app/GeoChecker";
			};
			name = Debug;
		};
		7D054DF52457236200F21002 /* Release */ = {
			isa = XCBuildConfiguration;
			buildSettings = {
				ALWAYS_EMBED_SWIFT_STANDARD_LIBRARIES = YES;
				BUNDLE_LOADER = "$(TEST_HOST)";
				CODE_SIGN_STYLE = Automatic;
				DEVELOPMENT_TEAM = 48QNPJLFDY;
				INFOPLIST_FILE = GeoCheckerTests/Info.plist;
				IPHONEOS_DEPLOYMENT_TARGET = 13.2;
				LD_RUNPATH_SEARCH_PATHS = (
					"$(inherited)",
					"@executable_path/Frameworks",
					"@loader_path/Frameworks",
				);
				PRODUCT_BUNDLE_IDENTIFIER = com.LocationChecker.GeoCheckerTests;
				PRODUCT_NAME = "$(TARGET_NAME)";
				SWIFT_VERSION = 5.0;
				TARGETED_DEVICE_FAMILY = "1,2";
				TEST_HOST = "$(BUILT_PRODUCTS_DIR)/GeoChecker.app/GeoChecker";
			};
			name = Release;
		};
/* End XCBuildConfiguration section */

/* Begin XCConfigurationList section */
		7D054DC92457235E00F21002 /* Build configuration list for PBXProject "GeoChecker" */ = {
			isa = XCConfigurationList;
			buildConfigurations = (
				7D054DEE2457236200F21002 /* Debug */,
				7D054DEF2457236200F21002 /* Release */,
			);
			defaultConfigurationIsVisible = 0;
			defaultConfigurationName = Release;
		};
		7D054DF02457236200F21002 /* Build configuration list for PBXNativeTarget "GeoChecker" */ = {
			isa = XCConfigurationList;
			buildConfigurations = (
				7D054DF12457236200F21002 /* Debug */,
				7D054DF22457236200F21002 /* Release */,
			);
			defaultConfigurationIsVisible = 0;
			defaultConfigurationName = Release;
		};
		7D054DF32457236200F21002 /* Build configuration list for PBXNativeTarget "GeoCheckerTests" */ = {
			isa = XCConfigurationList;
			buildConfigurations = (
				7D054DF42457236200F21002 /* Debug */,
				7D054DF52457236200F21002 /* Release */,
			);
			defaultConfigurationIsVisible = 0;
			defaultConfigurationName = Release;
		};
/* End XCConfigurationList section */

/* Begin XCVersionGroup section */
		7D054DDA2457235F00F21002 /* GeoChecker.xcdatamodeld */ = {
			isa = XCVersionGroup;
			children = (
				7D054DDB2457235F00F21002 /* GeoChecker.xcdatamodel */,
			);
			currentVersion = 7D054DDB2457235F00F21002 /* GeoChecker.xcdatamodel */;
			path = GeoChecker.xcdatamodeld;
			sourceTree = "<group>";
			versionGroupType = wrapper.xcdatamodel;
		};
/* End XCVersionGroup section */
	};
	rootObject = 7D054DC62457235E00F21002 /* Project object */;
}
